<?xml version="1.0" encoding="utf-8"?>
<Project ToolsVersion="4.0" xmlns="http://schemas.microsoft.com/developer/msbuild/2003">
  <ItemGroup>
    <Filter Include="ソース ファイル">
      <UniqueIdentifier>{4FC737F1-C7A5-4376-A066-2A32D752A2FF}</UniqueIdentifier>
      <Extensions>cpp;c;cc;cxx;c++;cppm;ixx;def;odl;idl;hpj;bat;asm;asmx</Extensions>
    </Filter>
    <Filter Include="ヘッダー ファイル">
      <UniqueIdentifier>{93995380-89BD-4b04-88EB-625FBE52EBFB}</UniqueIdentifier>
      <Extensions>h;hh;hpp;hxx;h++;hm;inl;inc;ipp;xsd</Extensions>
    </Filter>
    <Filter Include="リソース ファイル">
      <UniqueIdentifier>{67DA6AB6-F800-4c08-8B7A-83BB121AAD01}</UniqueIdentifier>
      <Extensions>rc;ico;cur;bmp;dlg;rc2;rct;bin;rgs;gif;jpg;jpeg;jpe;resx;tiff;tif;png;wav;mfcribbon-ms</Extensions>
    </Filter>
    <Filter Include="Shaders">
      <UniqueIdentifier>{94caf62a-f75f-45fa-ace4-8b111f5b6977}</UniqueIdentifier>
    </Filter>
    <Filter Include="D3DGraphics">
      <UniqueIdentifier>{f7102a15-6224-4252-b097-808b2e4510df}</UniqueIdentifier>
    </Filter>
  </ItemGroup>
  <ItemGroup>
    <ClInclude Include="DirectXMfc.h">
      <Filter>ヘッダー ファイル</Filter>
    </ClInclude>
    <ClInclude Include="framework.h">
      <Filter>ヘッダー ファイル</Filter>
    </ClInclude>
    <ClInclude Include="targetver.h">
      <Filter>ヘッダー ファイル</Filter>
    </ClInclude>
    <ClInclude Include="MainFrm.h">
      <Filter>ヘッダー ファイル</Filter>
    </ClInclude>
    <ClInclude Include="ChildView.h">
      <Filter>ヘッダー ファイル</Filter>
    </ClInclude>
    <ClInclude Include="Resource.h">
      <Filter>ヘッダー ファイル</Filter>
    </ClInclude>
    <ClInclude Include="pch.h">
      <Filter>ヘッダー ファイル</Filter>
    </ClInclude>
    <ClInclude Include="D3DGraphics.h">
      <Filter>D3DGraphics</Filter>
    </ClInclude>
    <ClInclude Include="PrivateErrorHandling.h">
      <Filter>D3DGraphics</Filter>
    </ClInclude>
    <ClInclude Include="D3DShaderContext.h">
      <Filter>D3DGraphics</Filter>
    </ClInclude>
    <ClInclude Include="D3DViewOp.h">
      <Filter>D3DGraphics</Filter>
    </ClInclude>
    <ClInclude Include="D3DGraphics3D.h">
      <Filter>D3DGraphics</Filter>
    </ClInclude>
    <ClInclude Include="D3DModelTriangleList.h">
      <Filter>D3DGraphics</Filter>
    </ClInclude>
    <ClInclude Include="D3DModelPointList.h">
      <Filter>D3DGraphics</Filter>
    </ClInclude>
    <ClInclude Include="PointListSampleModel.h">
      <Filter>ヘッダー ファイル</Filter>
    </ClInclude>
    <ClInclude Include="D3DVertexBufferEnumerator.h">
      <Filter>D3DGraphics</Filter>
    </ClInclude>
    <ClInclude Include="D3D11Graphics.h">
      <Filter>D3DGraphics</Filter>
    </ClInclude>
    <ClInclude Include="D3DModelPointListEnumerator.h">
      <Filter>D3DGraphics</Filter>
    </ClInclude>
    <ClInclude Include="D3DMappedSubResource.h">
      <Filter>D3DGraphics</Filter>
    </ClInclude>
    <ClInclude Include="D3DModelColorUtil.h">
      <Filter>D3DGraphics</Filter>
    </ClInclude>
    <ClInclude Include="D3DMemoryMappedFile.h">
      <Filter>D3DGraphics</Filter>
    </ClInclude>
    <ClInclude Include="D3DPointListBuilder.h">
      <Filter>D3DGraphics</Filter>
    </ClInclude>
    <ClInclude Include="D3DExclusiveLodPointListBuilder.h">
      <Filter>D3DGraphics</Filter>
    </ClInclude>
    <ClInclude Include="D3DVector.h">
      <Filter>D3DGraphics</Filter>
    </ClInclude>
    <ClInclude Include="D3DAabBox.h">
      <Filter>D3DGraphics</Filter>
    </ClInclude>
    <ClInclude Include="D3DExclusiveLodPointListHeader.h">
      <Filter>D3DGraphics</Filter>
    </ClInclude>
    <ClInclude Include="D3DWin32File.h">
      <Filter>D3DGraphics</Filter>
    </ClInclude>
    <ClInclude Include="D3DDrawingModel.h">
      <Filter>D3DGraphics</Filter>
    </ClInclude>
    <ClInclude Include="D3DExclusiveLodPointListCreator.h">
      <Filter>D3DGraphics</Filter>
    </ClInclude>
    <ClInclude Include="D3DWin32FileStreamBuf.h">
      <Filter>D3DGraphics</Filter>
    </ClInclude>
  </ItemGroup>
  <ItemGroup>
    <ClCompile Include="DirectXMfc.cpp">
      <Filter>ソース ファイル</Filter>
    </ClCompile>
    <ClCompile Include="MainFrm.cpp">
      <Filter>ソース ファイル</Filter>
    </ClCompile>
    <ClCompile Include="ChildView.cpp">
      <Filter>ソース ファイル</Filter>
    </ClCompile>
    <ClCompile Include="pch.cpp">
      <Filter>ソース ファイル</Filter>
    </ClCompile>
    <ClCompile Include="D3DGraphics.cpp">
      <Filter>D3DGraphics</Filter>
    </ClCompile>
    <ClCompile Include="PrivateErrorHandling.cpp">
      <Filter>D3DGraphics</Filter>
    </ClCompile>
    <ClCompile Include="D3DShaderContext.cpp">
      <Filter>D3DGraphics</Filter>
    </ClCompile>
    <ClCompile Include="D3DViewOp.cpp">
      <Filter>D3DGraphics</Filter>
    </ClCompile>
    <ClCompile Include="D3DGraphics3D.cpp">
      <Filter>D3DGraphics</Filter>
    </ClCompile>
    <ClCompile Include="D3DModelTriangleList.cpp">
      <Filter>D3DGraphics</Filter>
    </ClCompile>
    <ClCompile Include="D3DModelPointList.cpp">
      <Filter>D3DGraphics</Filter>
    </ClCompile>
    <ClCompile Include="PointListSampleModel.cpp">
      <Filter>ソース ファイル</Filter>
    </ClCompile>
    <ClCompile Include="D3DVertexBufferEnumerator.cpp">
      <Filter>D3DGraphics</Filter>
    </ClCompile>
    <ClCompile Include="D3DModelPointListEnumerator.cpp">
      <Filter>D3DGraphics</Filter>
    </ClCompile>
    <ClCompile Include="D3DMappedSubResource.cpp">
      <Filter>D3DGraphics</Filter>
    </ClCompile>
    <ClCompile Include="D3DMemoryMappedFile.cpp">
      <Filter>D3DGraphics</Filter>
    </ClCompile>
    <ClCompile Include="D3DPointListBuilder.cpp">
      <Filter>D3DGraphics</Filter>
    </ClCompile>
    <ClCompile Include="D3DExclusiveLodPointListBuilder.cpp">
      <Filter>D3DGraphics</Filter>
    </ClCompile>
    <ClCompile Include="D3DExclusiveLodPointListHeader.cpp">
      <Filter>D3DGraphics</Filter>
    </ClCompile>
    <ClCompile Include="D3DWin32File.cpp">
      <Filter>D3DGraphics</Filter>
    </ClCompile>
    <ClCompile Include="D3DDrawingModel.cpp">
      <Filter>D3DGraphics</Filter>
    </ClCompile>
    <ClCompile Include="D3DExclusiveLodPointListCreator.cpp">
      <Filter>D3DGraphics</Filter>
    </ClCompile>
    <ClCompile Include="D3DWin32FileStreamBuf.cpp">
      <Filter>D3DGraphics</Filter>
    </ClCompile>
  </ItemGroup>
  <ItemGroup>
    <ResourceCompile Include="DirectXMfc.rc">
      <Filter>リソース ファイル</Filter>
    </ResourceCompile>
  </ItemGroup>
  <ItemGroup>
    <None Include="res\DirectXMfc.rc2">
      <Filter>リソース ファイル</Filter>
    </None>
    <None Include="packages.config" />
  </ItemGroup>
  <ItemGroup>
    <Image Include="res\DirectXMfc.ico">
      <Filter>リソース ファイル</Filter>
    </Image>
    <Image Include="res\Toolbar.bmp">
      <Filter>リソース ファイル</Filter>
    </Image>
  </ItemGroup>
  <ItemGroup>
    <FxCompile Include="SampleShader.hlsl">
      <Filter>Shaders</Filter>
    </FxCompile>
  </ItemGroup>
</Project>